
Microsoft Visual Studio Solution File, Format Version 12.00
# Visual Studio Version 16
VisualStudioVersion = 16.0.29728.190
MinimumVisualStudioVersion = 10.0.40219.1
Project("{FAE04EC0-301F-11D3-BF4B-00C04F79EFBC}") = "WebApplication1", "WebApplication1\WebApplication1.csproj", "{B0E3E50E-9F1E-4D52-9282-2CC93F479D4F}"
EndProject
Global
	GlobalSection(SolutionConfigurationPlatforms) = preSolution
		Debug|Any CPU = Debug|Any CPU
		Release|Any CPU = Release|Any CPU
	EndGlobalSection
	GlobalSection(ProjectConfigurationPlatforms) = postSolution
		{B0E3E50E-9F1E-4D52-9282-2CC93F479D4F}.Debug|Any CPU.ActiveCfg = Debug|Any CPU
		{B0E3E50E-9F1E-4D52-9282-2CC93F479D4F}.Debug|Any CPU.Build.0 = Debug|Any CPU
		{B0E3E50E-9F1E-4D52-9282-2CC93F479D4F}.Release|Any CPU.ActiveCfg = Release|Any CPU
		{B0E3E50E-9F1E-4D52-9282-2CC93F479D4F}.Release|Any CPU.Build.0 = Release|Any CPU
	EndGlobalSection
	GlobalSection(SolutionProperties) = preSolution
		HideSolutionNode = FALSE
	EndGlobalSection
	GlobalSection(ExtensibilityGlobals) = postSolution
		SolutionGuid = {326F1DE1-B635-4AEF-A40D-362D47CE8529}
	EndGlobalSection
EndGlobal
